
Microsoft Visual Studio Solution File, Format Version 12.00
# Visual Studio Version 17
VisualStudioVersion = 17.5.33502.453
MinimumVisualStudioVersion = 10.0.40219.1
Project("{9A19103F-16F7-4668-BE54-9A1E7A4F7556}") = "HotelDetails", "HotelDetails\HotelDetails.csproj", "{978408DF-B629-4224-9433-28ED37A1A55E}"
EndProject
Project("{9A19103F-16F7-4668-BE54-9A1E7A4F7556}") = "UserAPI", "UserAPI\UserAPI.csproj", "{B3D47EB9-6CA6-43CB-AAF0-19EE441D4118}"
EndProject
Project("{FAE04EC0-301F-11D3-BF4B-00C04F79EFBC}") = "BookingAPI", "BookingAPI\BookingAPI.csproj", "{CC2167D9-3555-42CA-91CA-DEF204ED07DD}"
EndProject
Global
	GlobalSection(SolutionConfigurationPlatforms) = preSolution
		Debug|Any CPU = Debug|Any CPU
		Release|Any CPU = Release|Any CPU
	EndGlobalSection
	GlobalSection(ProjectConfigurationPlatforms) = postSolution
		{978408DF-B629-4224-9433-28ED37A1A55E}.Debug|Any CPU.ActiveCfg = Debug|Any CPU
		{978408DF-B629-4224-9433-28ED37A1A55E}.Debug|Any CPU.Build.0 = Debug|Any CPU
		{978408DF-B629-4224-9433-28ED37A1A55E}.Release|Any CPU.ActiveCfg = Release|Any CPU
		{978408DF-B629-4224-9433-28ED37A1A55E}.Release|Any CPU.Build.0 = Release|Any CPU
		{B3D47EB9-6CA6-43CB-AAF0-19EE441D4118}.Debug|Any CPU.ActiveCfg = Debug|Any CPU
		{B3D47EB9-6CA6-43CB-AAF0-19EE441D4118}.Debug|Any CPU.Build.0 = Debug|Any CPU
		{B3D47EB9-6CA6-43CB-AAF0-19EE441D4118}.Release|Any CPU.ActiveCfg = Release|Any CPU
		{B3D47EB9-6CA6-43CB-AAF0-19EE441D4118}.Release|Any CPU.Build.0 = Release|Any CPU
		{CC2167D9-3555-42CA-91CA-DEF204ED07DD}.Debug|Any CPU.ActiveCfg = Debug|Any CPU
		{CC2167D9-3555-42CA-91CA-DEF204ED07DD}.Debug|Any CPU.Build.0 = Debug|Any CPU
		{CC2167D9-3555-42CA-91CA-DEF204ED07DD}.Release|Any CPU.ActiveCfg = Release|Any CPU
		{CC2167D9-3555-42CA-91CA-DEF204ED07DD}.Release|Any CPU.Build.0 = Release|Any CPU
	EndGlobalSection
	GlobalSection(SolutionProperties) = preSolution
		HideSolutionNode = FALSE
	EndGlobalSection
	GlobalSection(ExtensibilityGlobals) = postSolution
		SolutionGuid = {58929595-2AF5-48B3-B1A5-0A23880CEA0E}
	EndGlobalSection
EndGlobal
